# @generated by Move, please check-in and do not edit manually.

[move]
version = 3
manifest_digest = "ADBD537C5E38F629EB717957A6740CBA3D4759F306ED82403876231D30F7D037"
deps_digest = "3C4103934B1E040BB6B23F1D610B4EF9F2F1166A50A104EADCF77467C004C600"
dependencies = [
  { id = "MoveStdlib", name = "MoveStdlib" },
  { id = "Sui", name = "Sui" },
]

[[move.package]]
id = "MoveStdlib"
source = { git = "https://github.com/MystenLabs/sui.git", rev = "49d95e90e36e", subdir = "crates/sui-framework/packages/move-stdlib" }

[[move.package]]
id = "Sui"
source = { git = "https://github.com/MystenLabs/sui.git", rev = "49d95e90e36e", subdir = "crates/sui-framework/packages/sui-framework" }

dependencies = [
  { id = "MoveStdlib", name = "MoveStdlib" },
]

[move.toolchain-version]
compiler-version = "1.60.1"
edition = "2024"
flavor = "sui"

[env]

[env.testnet]
chain-id = "4c78adac"
original-published-id = "0x8939b284a3c48c0398b71a2abce2df9bbf3928b1b80f1a1a09b9adedc8da8ded"
latest-published-id = "0x8939b284a3c48c0398b71a2abce2df9bbf3928b1b80f1a1a09b9adedc8da8ded"
published-version = "1"
